
Microsoft Visual Studio Solution File, Format Version 12.00
# Visual Studio Version 16
VisualStudioVersion = 16.0.29326.143
MinimumVisualStudioVersion = 10.0.40219.1
Project("{FAE04EC0-301F-11D3-BF4B-00C04F79EFBC}") = "conversia numerelor in baze diferite", "conversia numerelor in baze diferite\conversia numerelor in baze diferite.csproj", "{9132C5E1-BE8E-4426-B65F-06DEE50A6584}"
EndProject
Global
	GlobalSection(SolutionConfigurationPlatforms) = preSolution
		Debug|Any CPU = Debug|Any CPU
		Release|Any CPU = Release|Any CPU
	EndGlobalSection
	GlobalSection(ProjectConfigurationPlatforms) = postSolution
		{9132C5E1-BE8E-4426-B65F-06DEE50A6584}.Debug|Any CPU.ActiveCfg = Debug|Any CPU
		{9132C5E1-BE8E-4426-B65F-06DEE50A6584}.Debug|Any CPU.Build.0 = Debug|Any CPU
		{9132C5E1-BE8E-4426-B65F-06DEE50A6584}.Release|Any CPU.ActiveCfg = Release|Any CPU
		{9132C5E1-BE8E-4426-B65F-06DEE50A6584}.Release|Any CPU.Build.0 = Release|Any CPU
	EndGlobalSection
	GlobalSection(SolutionProperties) = preSolution
		HideSolutionNode = FALSE
	EndGlobalSection
	GlobalSection(ExtensibilityGlobals) = postSolution
		SolutionGuid = {15E25CE7-2473-4A39-A033-295B9E98ECBF}
	EndGlobalSection
EndGlobal
