
Microsoft Visual Studio Solution File, Format Version 12.00
# Visual Studio Version 16
VisualStudioVersion = 16.0.29728.190
MinimumVisualStudioVersion = 10.0.40219.1
Project("{FAE04EC0-301F-11D3-BF4B-00C04F79EFBC}") = "Sortare localizata", "Sortare localizata\Sortare localizata.csproj", "{28AD175D-60DD-49D7-A093-0D6554F52288}"
EndProject
Global
	GlobalSection(SolutionConfigurationPlatforms) = preSolution
		Debug|Any CPU = Debug|Any CPU
		Release|Any CPU = Release|Any CPU
	EndGlobalSection
	GlobalSection(ProjectConfigurationPlatforms) = postSolution
		{28AD175D-60DD-49D7-A093-0D6554F52288}.Debug|Any CPU.ActiveCfg = Debug|Any CPU
		{28AD175D-60DD-49D7-A093-0D6554F52288}.Debug|Any CPU.Build.0 = Debug|Any CPU
		{28AD175D-60DD-49D7-A093-0D6554F52288}.Release|Any CPU.ActiveCfg = Release|Any CPU
		{28AD175D-60DD-49D7-A093-0D6554F52288}.Release|Any CPU.Build.0 = Release|Any CPU
	EndGlobalSection
	GlobalSection(SolutionProperties) = preSolution
		HideSolutionNode = FALSE
	EndGlobalSection
	GlobalSection(ExtensibilityGlobals) = postSolution
		SolutionGuid = {33C25C02-8307-481D-BFE8-C070D11916A8}
	EndGlobalSection
EndGlobal
