
Microsoft Visual Studio Solution File, Format Version 12.00
# Visual Studio Version 16
VisualStudioVersion = 16.0.29728.190
MinimumVisualStudioVersion = 10.0.40219.1
Project("{FAE04EC0-301F-11D3-BF4B-00C04F79EFBC}") = "IForma2D", "IForma2D\IForma2D.csproj", "{8E3856C3-91D3-461A-8C12-329151D9A052}"
EndProject
Global
	GlobalSection(SolutionConfigurationPlatforms) = preSolution
		Debug|Any CPU = Debug|Any CPU
		Release|Any CPU = Release|Any CPU
	EndGlobalSection
	GlobalSection(ProjectConfigurationPlatforms) = postSolution
		{8E3856C3-91D3-461A-8C12-329151D9A052}.Debug|Any CPU.ActiveCfg = Debug|Any CPU
		{8E3856C3-91D3-461A-8C12-329151D9A052}.Debug|Any CPU.Build.0 = Debug|Any CPU
		{8E3856C3-91D3-461A-8C12-329151D9A052}.Release|Any CPU.ActiveCfg = Release|Any CPU
		{8E3856C3-91D3-461A-8C12-329151D9A052}.Release|Any CPU.Build.0 = Release|Any CPU
	EndGlobalSection
	GlobalSection(SolutionProperties) = preSolution
		HideSolutionNode = FALSE
	EndGlobalSection
	GlobalSection(ExtensibilityGlobals) = postSolution
		SolutionGuid = {B606131D-3F84-4AB8-A812-AFB3F5F45366}
	EndGlobalSection
EndGlobal
