
Microsoft Visual Studio Solution File, Format Version 12.00
# Visual Studio Version 16
VisualStudioVersion = 16.0.29728.190
MinimumVisualStudioVersion = 10.0.40219.1
Project("{FAE04EC0-301F-11D3-BF4B-00C04F79EFBC}") = "Operatii cu nr rationale", "Operatii cu nr rationale\Operatii cu nr rationale.csproj", "{122C3C68-9C23-4472-BD61-E2D8346605E6}"
EndProject
Global
	GlobalSection(SolutionConfigurationPlatforms) = preSolution
		Debug|Any CPU = Debug|Any CPU
		Release|Any CPU = Release|Any CPU
	EndGlobalSection
	GlobalSection(ProjectConfigurationPlatforms) = postSolution
		{122C3C68-9C23-4472-BD61-E2D8346605E6}.Debug|Any CPU.ActiveCfg = Debug|Any CPU
		{122C3C68-9C23-4472-BD61-E2D8346605E6}.Debug|Any CPU.Build.0 = Debug|Any CPU
		{122C3C68-9C23-4472-BD61-E2D8346605E6}.Release|Any CPU.ActiveCfg = Release|Any CPU
		{122C3C68-9C23-4472-BD61-E2D8346605E6}.Release|Any CPU.Build.0 = Release|Any CPU
	EndGlobalSection
	GlobalSection(SolutionProperties) = preSolution
		HideSolutionNode = FALSE
	EndGlobalSection
	GlobalSection(ExtensibilityGlobals) = postSolution
		SolutionGuid = {2A168682-6935-4AB3-986F-EE95ECFBD9E2}
	EndGlobalSection
EndGlobal
