
Microsoft Visual Studio Solution File, Format Version 12.00
# Visual Studio Version 16
VisualStudioVersion = 16.0.29326.143
MinimumVisualStudioVersion = 10.0.40219.1
Project("{FAE04EC0-301F-11D3-BF4B-00C04F79EFBC}") = "61. Operatii cu numere mari", "61. Operatii cu numere mari\61. Operatii cu numere mari.csproj", "{DE340622-01AA-46FC-B072-42689AB510C6}"
EndProject
Global
	GlobalSection(SolutionConfigurationPlatforms) = preSolution
		Debug|Any CPU = Debug|Any CPU
		Release|Any CPU = Release|Any CPU
	EndGlobalSection
	GlobalSection(ProjectConfigurationPlatforms) = postSolution
		{DE340622-01AA-46FC-B072-42689AB510C6}.Debug|Any CPU.ActiveCfg = Debug|Any CPU
		{DE340622-01AA-46FC-B072-42689AB510C6}.Debug|Any CPU.Build.0 = Debug|Any CPU
		{DE340622-01AA-46FC-B072-42689AB510C6}.Release|Any CPU.ActiveCfg = Release|Any CPU
		{DE340622-01AA-46FC-B072-42689AB510C6}.Release|Any CPU.Build.0 = Release|Any CPU
	EndGlobalSection
	GlobalSection(SolutionProperties) = preSolution
		HideSolutionNode = FALSE
	EndGlobalSection
	GlobalSection(ExtensibilityGlobals) = postSolution
		SolutionGuid = {A7573B08-07EF-4825-87B4-712BAADEEF2B}
	EndGlobalSection
EndGlobal
